// !$*UTF8*$!
{
	archiveVersion = 1;
	classes = {
	};
	objectVersion = 50;
	objects = {

/* Begin PBXBuildFile section */
		BFE9ED5C23C56E8500B5B9DE /* AppDelegate.swift in Sources */ = {isa = PBXBuildFile; fileRef = BFE9ED5B23C56E8500B5B9DE /* AppDelegate.swift */; };
		BFE9ED5E23C56E8500B5B9DE /* SceneDelegate.swift in Sources */ = {isa = PBXBuildFile; fileRef = BFE9ED5D23C56E8500B5B9DE /* SceneDelegate.swift */; };
		BFE9ED6123C56E8500B5B9DE /* guitarjournal.xcdatamodeld in Sources */ = {isa = PBXBuildFile; fileRef = BFE9ED5F23C56E8500B5B9DE /* guitarjournal.xcdatamodeld */; };
		BFE9ED6323C56E8500B5B9DE /* ContentView.swift in Sources */ = {isa = PBXBuildFile; fileRef = BFE9ED6223C56E8500B5B9DE /* ContentView.swift */; };
		BFE9ED6523C56E8600B5B9DE /* Assets.xcassets in Resources */ = {isa = PBXBuildFile; fileRef = BFE9ED6423C56E8600B5B9DE /* Assets.xcassets */; };
		BFE9ED6823C56E8600B5B9DE /* Preview Assets.xcassets in Resources */ = {isa = PBXBuildFile; fileRef = BFE9ED6723C56E8600B5B9DE /* Preview Assets.xcassets */; };
		BFE9ED6B23C56E8600B5B9DE /* LaunchScreen.storyboard in Resources */ = {isa = PBXBuildFile; fileRef = BFE9ED6923C56E8600B5B9DE /* LaunchScreen.storyboard */; };
/* End PBXBuildFile section */

/* Begin PBXFileReference section */
		BFE9ED5823C56E8500B5B9DE /* guitarjournal.app */ = {isa = PBXFileReference; explicitFileType = wrapper.application; includeInIndex = 0; path = guitarjournal.app; sourceTree = BUILT_PRODUCTS_DIR; };
		BFE9ED5B23C56E8500B5B9DE /* AppDelegate.swift */ = {isa = PBXFileReference; lastKnownFileType = sourcecode.swift; path = AppDelegate.swift; sourceTree = "<group>"; };
		BFE9ED5D23C56E8500B5B9DE /* SceneDelegate.swift */ = {isa = PBXFileReference; lastKnownFileType = sourcecode.swift; path = SceneDelegate.swift; sourceTree = "<group>"; };
		BFE9ED6023C56E8500B5B9DE /* guitarjournal.xcdatamodel */ = {isa = PBXFileReference; lastKnownFileType = wrapper.xcdatamodel; path = guitarjournal.xcdatamodel; sourceTree = "<group>"; };
		BFE9ED6223C56E8500B5B9DE /* ContentView.swift */ = {isa = PBXFileReference; lastKnownFileType = sourcecode.swift; path = ContentView.swift; sourceTree = "<group>"; };
		BFE9ED6423C56E8600B5B9DE /* Assets.xcassets */ = {isa = PBXFileReference; lastKnownFileType = folder.assetcatalog; path = Assets.xcassets; sourceTree = "<group>"; };
		BFE9ED6723C56E8600B5B9DE /* Preview Assets.xcassets */ = {isa = PBXFileReference; lastKnownFileType = folder.assetcatalog; path = "Preview Assets.xcassets"; sourceTree = "<group>"; };
		BFE9ED6A23C56E8600B5B9DE /* Base */ = {isa = PBXFileReference; lastKnownFileType = file.storyboard; name = Base; path = Base.lproj/LaunchScreen.storyboard; sourceTree = "<group>"; };
		BFE9ED6C23C56E8600B5B9DE /* Info.plist */ = {isa = PBXFileReference; lastKnownFileType = text.plist.xml; path = Info.plist; sourceTree = "<group>"; };
/* End PBXFileReference section */

/* Begin PBXFrameworksBuildPhase section */
		BFE9ED5523C56E8500B5B9DE /* Frameworks */ = {
			isa = PBXFrameworksBuildPhase;
			buildActionMask = 2147483647;
			files = (
			);
			runOnlyForDeploymentPostprocessing = 0;
		};
/* End PBXFrameworksBuildPhase section */

/* Begin PBXGroup section */
		BFE9ED4F23C56E8500B5B9DE = {
			isa = PBXGroup;
			children = (
				BFE9ED5A23C56E8500B5B9DE /* guitarjournal */,
				BFE9ED5923C56E8500B5B9DE /* Products */,
			);
			sourceTree = "<group>";
		};
		BFE9ED5923C56E8500B5B9DE /* Products */ = {
			isa = PBXGroup;
			children = (
				BFE9ED5823C56E8500B5B9DE /* guitarjournal.app */,
			);
			name = Products;
			sourceTree = "<group>";
		};
		BFE9ED5A23C56E8500B5B9DE /* guitarjournal */ = {
			isa = PBXGroup;
			children = (
				BFE9ED5B23C56E8500B5B9DE /* AppDelegate.swift */,
				BFE9ED5D23C56E8500B5B9DE /* SceneDelegate.swift */,
				BFE9ED6223C56E8500B5B9DE /* ContentView.swift */,
				BFE9ED6423C56E8600B5B9DE /* Assets.xcassets */,
				BFE9ED6923C56E8600B5B9DE /* LaunchScreen.storyboard */,
				BFE9ED6C23C56E8600B5B9DE /* Info.plist */,
				BFE9ED5F23C56E8500B5B9DE /* guitarjournal.xcdatamodeld */,
				BFE9ED6623C56E8600B5B9DE /* Preview Content */,
			);
			path = guitarjournal;
			sourceTree = "<group>";
		};
		BFE9ED6623C56E8600B5B9DE /* Preview Content */ = {
			isa = PBXGroup;
			children = (
				BFE9ED6723C56E8600B5B9DE /* Preview Assets.xcassets */,
			);
			path = "Preview Content";
			sourceTree = "<group>";
		};
/* End PBXGroup section */

/* Begin PBXNativeTarget section */
		BFE9ED5723C56E8500B5B9DE /* guitarjournal */ = {
			isa = PBXNativeTarget;
			buildConfigurationList = BFE9ED6F23C56E8600B5B9DE /* Build configuration list for PBXNativeTarget "guitarjournal" */;
			buildPhases = (
				BFE9ED5423C56E8500B5B9DE /* Sources */,
				BFE9ED5523C56E8500B5B9DE /* Frameworks */,
				BFE9ED5623C56E8500B5B9DE /* Resources */,
			);
			buildRules = (
			);
			dependencies = (
			);
			name = guitarjournal;
			productName = guitarjournal;
			productReference = BFE9ED5823C56E8500B5B9DE /* guitarjournal.app */;
			productType = "com.apple.product-type.application";
		};
/* End PBXNativeTarget section */

/* Begin PBXProject section */
		BFE9ED5023C56E8500B5B9DE /* Project object */ = {
			isa = PBXProject;
			attributes = {
				LastSwiftUpdateCheck = 1130;
				LastUpgradeCheck = 1130;
				ORGANIZATIONNAME = "High Strung Productions LLC";
				TargetAttributes = {
					BFE9ED5723C56E8500B5B9DE = {
						CreatedOnToolsVersion = 11.3;
					};
				};
			};
			buildConfigurationList = BFE9ED5323C56E8500B5B9DE /* Build configuration list for PBXProject "guitarjournal" */;
			compatibilityVersion = "Xcode 9.3";
			developmentRegion = en;
			hasScannedForEncodings = 0;
			knownRegions = (
				en,
				Base,
			);
			mainGroup = BFE9ED4F23C56E8500B5B9DE;
			productRefGroup = BFE9ED5923C56E8500B5B9DE /* Products */;
			projectDirPath = "";
			projectRoot = "";
			targets = (
				BFE9ED5723C56E8500B5B9DE /* guitarjournal */,
			);
		};
/* End PBXProject section */

/* Begin PBXResourcesBuildPhase section */
		BFE9ED5623C56E8500B5B9DE /* Resources */ = {
			isa = PBXResourcesBuildPhase;
			buildActionMask = 2147483647;
			files = (
				BFE9ED6B23C56E8600B5B9DE /* LaunchScreen.storyboard in Resources */,
				BFE9ED6823C56E8600B5B9DE /* Preview Assets.xcassets in Resources */,
				BFE9ED6523C56E8600B5B9DE /* Assets.xcassets in Resources */,
			);
			runOnlyForDeploymentPostprocessing = 0;
		};
/* End PBXResourcesBuildPhase section */

/* Begin PBXSourcesBuildPhase section */
		BFE9ED5423C56E8500B5B9DE /* Sources */ = {
			isa = PBXSourcesBuildPhase;
			buildActionMask = 2147483647;
			files = (
				BFE9ED5C23C56E8500B5B9DE /* AppDelegate.swift in Sources */,
				BFE9ED5E23C56E8500B5B9DE /* SceneDelegate.swift in Sources */,
				BFE9ED6323C56E8500B5B9DE /* ContentView.swift in Sources */,
				BFE9ED6123C56E8500B5B9DE /* guitarjournal.xcdatamodeld in Sources */,
			);
			runOnlyForDeploymentPostprocessing = 0;
		};
/* End PBXSourcesBuildPhase section */

/* Begin PBXVariantGroup section */
		BFE9ED6923C56E8600B5B9DE /* LaunchScreen.storyboard */ = {
			isa = PBXVariantGroup;
			children = (
				BFE9ED6A23C56E8600B5B9DE /* Base */,
			);
			name = LaunchScreen.storyboard;
			sourceTree = "<group>";
		};
/* End PBXVariantGroup section */

/* Begin XCBuildConfiguration section */
		BFE9ED6D23C56E8600B5B9DE /* Debug */ = {
			isa = XCBuildConfiguration;
			buildSettings = {
				ALWAYS_SEARCH_USER_PATHS = NO;
				CLANG_ANALYZER_NONNULL = YES;
				CLANG_ANALYZER_NUMBER_OBJECT_CONVERSION = YES_AGGRESSIVE;
				CLANG_CXX_LANGUAGE_STANDARD = "gnu++14";
				CLANG_CXX_LIBRARY = "libc++";
				CLANG_ENABLE_MODULES = YES;
				CLANG_ENABLE_OBJC_ARC = YES;
				CLANG_ENABLE_OBJC_WEAK = YES;
				CLANG_WARN_BLOCK_CAPTURE_AUTORELEASING = YES;
				CLANG_WARN_BOOL_CONVERSION = YES;
				CLANG_WARN_COMMA = YES;
				CLANG_WARN_CONSTANT_CONVERSION = YES;
				CLANG_WARN_DEPRECATED_OBJC_IMPLEMENTATIONS = YES;
				CLANG_WARN_DIRECT_OBJC_ISA_USAGE = YES_ERROR;
				CLANG_WARN_DOCUMENTATION_COMMENTS = YES;
				CLANG_WARN_EMPTY_BODY = YES;
				CLANG_WARN_ENUM_CONVERSION = YES;
				CLANG_WARN_INFINITE_RECURSION = YES;
				CLANG_WARN_INT_CONVERSION = YES;
				CLANG_WARN_NON_LITERAL_NULL_CONVERSION = YES;
				CLANG_WARN_OBJC_IMPLICIT_RETAIN_SELF = YES;
				CLANG_WARN_OBJC_LITERAL_CONVERSION = YES;
				CLANG_WARN_OBJC_ROOT_CLASS = YES_ERROR;
				CLANG_WARN_RANGE_LOOP_ANALYSIS = YES;
				CLANG_WARN_STRICT_PROTOTYPES = YES;
				CLANG_WARN_SUSPICIOUS_MOVE = YES;
				CLANG_WARN_UNGUARDED_AVAILABILITY = YES_AGGRESSIVE;
				CLANG_WARN_UNREACHABLE_CODE = YES;
				CLANG_WARN__DUPLICATE_METHOD_MATCH = YES;
				COPY_PHASE_STRIP = NO;
				DEBUG_INFORMATION_FORMAT = dwarf;
				ENABLE_STRICT_OBJC_MSGSEND = YES;
				ENABLE_TESTABILITY = YES;
				GCC_C_LANGUAGE_STANDARD = gnu11;
				GCC_DYNAMIC_NO_PIC = NO;
				GCC_NO_COMMON_BLOCKS = YES;
				GCC_OPTIMIZATION_LEVEL = 0;
				GCC_PREPROCESSOR_DEFINITIONS = (
					"DEBUG=1",
					"$(inherited)",
				);
				GCC_WARN_64_TO_32_BIT_CONVERSION = YES;
				GCC_WARN_ABOUT_RETURN_TYPE = YES_ERROR;
				GCC_WARN_UNDECLARED_SELECTOR = YES;
				GCC_WARN_UNINITIALIZED_AUTOS = YES_AGGRESSIVE;
				GCC_WARN_UNUSED_FUNCTION = YES;
				GCC_WARN_UNUSED_VARIABLE = YES;
				IPHONEOS_DEPLOYMENT_TARGET = 13.2;
				MTL_ENABLE_DEBUG_INFO = INCLUDE_SOURCE;
				MTL_FAST_MATH = YES;
				ONLY_ACTIVE_ARCH = YES;
				SDKROOT = iphoneos;
				SWIFT_ACTIVE_COMPILATION_CONDITIONS = DEBUG;
				SWIFT_OPTIMIZATION_LEVEL = "-Onone";
			};
			name = Debug;
		};
		BFE9ED6E23C56E8600B5B9DE /* Release */ = {
			isa = XCBuildConfiguration;
			buildSettings = {
				ALWAYS_SEARCH_USER_PATHS = NO;
				CLANG_ANALYZER_NONNULL = YES;
				CLANG_ANALYZER_NUMBER_OBJECT_CONVERSION = YES_AGGRESSIVE;
				CLANG_CXX_LANGUAGE_STANDARD = "gnu++14";
				CLANG_CXX_LIBRARY = "libc++";
				CLANG_ENABLE_MODULES = YES;
				CLANG_ENABLE_OBJC_ARC = YES;
				CLANG_ENABLE_OBJC_WEAK = YES;
				CLANG_WARN_BLOCK_CAPTURE_AUTORELEASING = YES;
				CLANG_WARN_BOOL_CONVERSION = YES;
				CLANG_WARN_COMMA = YES;
				CLANG_WARN_CONSTANT_CONVERSION = YES;
				CLANG_WARN_DEPRECATED_OBJC_IMPLEMENTATIONS = YES;
				CLANG_WARN_DIRECT_OBJC_ISA_USAGE = YES_ERROR;
				CLANG_WARN_DOCUMENTATION_COMMENTS = YES;
				CLANG_WARN_EMPTY_BODY = YES;
				CLANG_WARN_ENUM_CONVERSION = YES;
				CLANG_WARN_INFINITE_RECURSION = YES;
				CLANG_WARN_INT_CONVERSION = YES;
				CLANG_WARN_NON_LITERAL_NULL_CONVERSION = YES;
				CLANG_WARN_OBJC_IMPLICIT_RETAIN_SELF = YES;
				CLANG_WARN_OBJC_LITERAL_CONVERSION = YES;
				CLANG_WARN_OBJC_ROOT_CLASS = YES_ERROR;
				CLANG_WARN_RANGE_LOOP_ANALYSIS = YES;
				CLANG_WARN_STRICT_PROTOTYPES = YES;
				CLANG_WARN_SUSPICIOUS_MOVE = YES;
				CLANG_WARN_UNGUARDED_AVAILABILITY = YES_AGGRESSIVE;
				CLANG_WARN_UNREACHABLE_CODE = YES;
				CLANG_WARN__DUPLICATE_METHOD_MATCH = YES;
				COPY_PHASE_STRIP = NO;
				DEBUG_INFORMATION_FORMAT = "dwarf-with-dsym";
				ENABLE_NS_ASSERTIONS = NO;
				ENABLE_STRICT_OBJC_MSGSEND = YES;
				GCC_C_LANGUAGE_STANDARD = gnu11;
				GCC_NO_COMMON_BLOCKS = YES;
				GCC_WARN_64_TO_32_BIT_CONVERSION = YES;
				GCC_WARN_ABOUT_RETURN_TYPE = YES_ERROR;
				GCC_WARN_UNDECLARED_SELECTOR = YES;
				GCC_WARN_UNINITIALIZED_AUTOS = YES_AGGRESSIVE;
				GCC_WARN_UNUSED_FUNCTION = YES;
				GCC_WARN_UNUSED_VARIABLE = YES;
				IPHONEOS_DEPLOYMENT_TARGET = 13.2;
				MTL_ENABLE_DEBUG_INFO = NO;
				MTL_FAST_MATH = YES;
				SDKROOT = iphoneos;
				SWIFT_COMPILATION_MODE = wholemodule;
				SWIFT_OPTIMIZATION_LEVEL = "-O";
				VALIDATE_PRODUCT = YES;
			};
			name = Release;
		};
		BFE9ED7023C56E8600B5B9DE /* Debug */ = {
			isa = XCBuildConfiguration;
			buildSettings = {
				ASSETCATALOG_COMPILER_APPICON_NAME = AppIcon;
				CODE_SIGN_STYLE = Automatic;
				DEVELOPMENT_ASSET_PATHS = "\"guitarjournal/Preview Content\"";
				DEVELOPMENT_TEAM = 82D84WHWLC;
				ENABLE_PREVIEWS = YES;
				INFOPLIST_FILE = guitarjournal/Info.plist;
				LD_RUNPATH_SEARCH_PATHS = (
					"$(inherited)",
					"@executable_path/Frameworks",
				);
				PRODUCT_BUNDLE_IDENTIFIER = com.highstrungpro.guitarjournal;
				PRODUCT_NAME = "$(TARGET_NAME)";
				SWIFT_VERSION = 5.0;
				TARGETED_DEVICE_FAMILY = "1,2";
			};
			name = Debug;
		};
		BFE9ED7123C56E8600B5B9DE /* Release */ = {
			isa = XCBuildConfiguration;
			buildSettings = {
				ASSETCATALOG_COMPILER_APPICON_NAME = AppIcon;
				CODE_SIGN_STYLE = Automatic;
				DEVELOPMENT_ASSET_PATHS = "\"guitarjournal/Preview Content\"";
				DEVELOPMENT_TEAM = 82D84WHWLC;
				ENABLE_PREVIEWS = YES;
				INFOPLIST_FILE = guitarjournal/Info.plist;
				LD_RUNPATH_SEARCH_PATHS = (
					"$(inherited)",
					"@executable_path/Frameworks",
				);
				PRODUCT_BUNDLE_IDENTIFIER = com.highstrungpro.guitarjournal;
				PRODUCT_NAME = "$(TARGET_NAME)";
				SWIFT_VERSION = 5.0;
				TARGETED_DEVICE_FAMILY = "1,2";
			};
			name = Release;
		};
/* End XCBuildConfiguration section */

/* Begin XCConfigurationList section */
		BFE9ED5323C56E8500B5B9DE /* Build configuration list for PBXProject "guitarjournal" */ = {
			isa = XCConfigurationList;
			buildConfigurations = (
				BFE9ED6D23C56E8600B5B9DE /* Debug */,
				BFE9ED6E23C56E8600B5B9DE /* Release */,
			);
			defaultConfigurationIsVisible = 0;
			defaultConfigurationName = Release;
		};
		BFE9ED6F23C56E8600B5B9DE /* Build configuration list for PBXNativeTarget "guitarjournal" */ = {
			isa = XCConfigurationList;
			buildConfigurations = (
				BFE9ED7023C56E8600B5B9DE /* Debug */,
				BFE9ED7123C56E8600B5B9DE /* Release */,
			);
			defaultConfigurationIsVisible = 0;
			defaultConfigurationName = Release;
		};
/* End XCConfigurationList section */

/* Begin XCVersionGroup section */
		BFE9ED5F23C56E8500B5B9DE /* guitarjournal.xcdatamodeld */ = {
			isa = XCVersionGroup;
			children = (
				BFE9ED6023C56E8500B5B9DE /* guitarjournal.xcdatamodel */,
			);
			currentVersion = BFE9ED6023C56E8500B5B9DE /* guitarjournal.xcdatamodel */;
			path = guitarjournal.xcdatamodeld;
			sourceTree = "<group>";
			versionGroupType = wrapper.xcdatamodel;
		};
/* End XCVersionGroup section */
	};
	rootObject = BFE9ED5023C56E8500B5B9DE /* Project object */;
}
